
Microsoft Visual Studio Solution File, Format Version 12.00
# Visual Studio Version 17
VisualStudioVersion = 17.3.32929.385
MinimumVisualStudioVersion = 10.0.40219.1
Project("{FAE04EC0-301F-11D3-BF4B-00C04F79EFBC}") = "02.Graphs-Bellman-Ford-Longest-Path-in-DAG", "02.Graphs-Bellman-Ford-Longest-Path-in-DAG\02.Graphs-Bellman-Ford-Longest-Path-in-DAG.csproj", "{F4EE27B5-42E8-4573-87BB-A52038F58A37}"
EndProject
Global
	GlobalSection(SolutionConfigurationPlatforms) = preSolution
		Debug|Any CPU = Debug|Any CPU
		Release|Any CPU = Release|Any CPU
	EndGlobalSection
	GlobalSection(ProjectConfigurationPlatforms) = postSolution
		{F4EE27B5-42E8-4573-87BB-A52038F58A37}.Debug|Any CPU.ActiveCfg = Debug|Any CPU
		{F4EE27B5-42E8-4573-87BB-A52038F58A37}.Debug|Any CPU.Build.0 = Debug|Any CPU
		{F4EE27B5-42E8-4573-87BB-A52038F58A37}.Release|Any CPU.ActiveCfg = Release|Any CPU
		{F4EE27B5-42E8-4573-87BB-A52038F58A37}.Release|Any CPU.Build.0 = Release|Any CPU
	EndGlobalSection
	GlobalSection(SolutionProperties) = preSolution
		HideSolutionNode = FALSE
	EndGlobalSection
	GlobalSection(ExtensibilityGlobals) = postSolution
		SolutionGuid = {F225E826-7AF4-4CE6-BD03-F722ED6587FE}
	EndGlobalSection
EndGlobal
