
Microsoft Visual Studio Solution File, Format Version 12.00
# Visual Studio Version 17
VisualStudioVersion = 17.0.32014.148
MinimumVisualStudioVersion = 10.0.40219.1
Project("{FAE04EC0-301F-11D3-BF4B-00C04F79EFBC}") = "RecurrsionAndBacktracking", "RecurrsionAndBacktracking.csproj", "{EFCBFDEB-1BD7-4373-8897-F8F5D757C54C}"
EndProject
Global
	GlobalSection(SolutionConfigurationPlatforms) = preSolution
		Debug|Any CPU = Debug|Any CPU
		Release|Any CPU = Release|Any CPU
	EndGlobalSection
	GlobalSection(ProjectConfigurationPlatforms) = postSolution
		{EFCBFDEB-1BD7-4373-8897-F8F5D757C54C}.Debug|Any CPU.ActiveCfg = Debug|Any CPU
		{EFCBFDEB-1BD7-4373-8897-F8F5D757C54C}.Debug|Any CPU.Build.0 = Debug|Any CPU
		{EFCBFDEB-1BD7-4373-8897-F8F5D757C54C}.Release|Any CPU.ActiveCfg = Release|Any CPU
		{EFCBFDEB-1BD7-4373-8897-F8F5D757C54C}.Release|Any CPU.Build.0 = Release|Any CPU
	EndGlobalSection
	GlobalSection(SolutionProperties) = preSolution
		HideSolutionNode = FALSE
	EndGlobalSection
	GlobalSection(ExtensibilityGlobals) = postSolution
		SolutionGuid = {3B167975-406B-4649-A3BC-25F23CD35B60}
	EndGlobalSection
EndGlobal
