
Microsoft Visual Studio Solution File, Format Version 12.00
# Visual Studio Version 17
VisualStudioVersion = 17.4.33110.190
MinimumVisualStudioVersion = 10.0.40219.1
Project("{FAE04EC0-301F-11D3-BF4B-00C04F79EFBC}") = "05.Exercise-Graphs-Strongly-Connected-Components-Max-Flow", "05.Exercise-Graphs-Strongly-Connected-Components-Max-Flow.csproj", "{4A41E685-5368-4AEF-A1A2-91C2ADC19546}"
EndProject
Global
	GlobalSection(SolutionConfigurationPlatforms) = preSolution
		Debug|Any CPU = Debug|Any CPU
		Release|Any CPU = Release|Any CPU
	EndGlobalSection
	GlobalSection(ProjectConfigurationPlatforms) = postSolution
		{4A41E685-5368-4AEF-A1A2-91C2ADC19546}.Debug|Any CPU.ActiveCfg = Debug|Any CPU
		{4A41E685-5368-4AEF-A1A2-91C2ADC19546}.Debug|Any CPU.Build.0 = Debug|Any CPU
		{4A41E685-5368-4AEF-A1A2-91C2ADC19546}.Release|Any CPU.ActiveCfg = Release|Any CPU
		{4A41E685-5368-4AEF-A1A2-91C2ADC19546}.Release|Any CPU.Build.0 = Release|Any CPU
	EndGlobalSection
	GlobalSection(SolutionProperties) = preSolution
		HideSolutionNode = FALSE
	EndGlobalSection
	GlobalSection(ExtensibilityGlobals) = postSolution
		SolutionGuid = {6B92E001-5B21-440C-88C2-039F623B1DC7}
	EndGlobalSection
EndGlobal
