
Microsoft Visual Studio Solution File, Format Version 12.00
# Visual Studio Version 17
VisualStudioVersion = 17.3.32922.545
MinimumVisualStudioVersion = 10.0.40219.1
Project("{FAE04EC0-301F-11D3-BF4B-00C04F79EFBC}") = "ExamPrep", "ExamPrep\ExamPrep.csproj", "{8367FF70-65AA-4223-8942-F6E2519F9E6A}"
EndProject
Global
	GlobalSection(SolutionConfigurationPlatforms) = preSolution
		Debug|Any CPU = Debug|Any CPU
		Release|Any CPU = Release|Any CPU
	EndGlobalSection
	GlobalSection(ProjectConfigurationPlatforms) = postSolution
		{8367FF70-65AA-4223-8942-F6E2519F9E6A}.Debug|Any CPU.ActiveCfg = Debug|Any CPU
		{8367FF70-65AA-4223-8942-F6E2519F9E6A}.Debug|Any CPU.Build.0 = Debug|Any CPU
		{8367FF70-65AA-4223-8942-F6E2519F9E6A}.Release|Any CPU.ActiveCfg = Release|Any CPU
		{8367FF70-65AA-4223-8942-F6E2519F9E6A}.Release|Any CPU.Build.0 = Release|Any CPU
	EndGlobalSection
	GlobalSection(SolutionProperties) = preSolution
		HideSolutionNode = FALSE
	EndGlobalSection
	GlobalSection(ExtensibilityGlobals) = postSolution
		SolutionGuid = {454D902B-032A-4D29-A5F0-7447A60B6EF2}
	EndGlobalSection
EndGlobal
